
Microsoft Visual Studio Solution File, Format Version 12.00
# Visual Studio 2012
Project("{8BC9CEB8-8B4A-11D0-8D11-00A0C91BC942}") = "astar", "astar\astar.vcxproj", "{93B8C59E-F660-4193-885F-A166FB3F2438}"
EndProject
Project("{FAE04EC0-301F-11D3-BF4B-00C04F79EFBC}") = "astarCs", "astarCs\astarCs.csproj", "{917AA14C-4E75-4719-9FF8-78A0698E85B4}"
EndProject
Global
	GlobalSection(SolutionConfigurationPlatforms) = preSolution
		Debug|Any CPU = Debug|Any CPU
		Debug|Mixed Platforms = Debug|Mixed Platforms
		Debug|Win32 = Debug|Win32
		Release|Any CPU = Release|Any CPU
		Release|Mixed Platforms = Release|Mixed Platforms
		Release|Win32 = Release|Win32
	EndGlobalSection
	GlobalSection(ProjectConfigurationPlatforms) = postSolution
		{93B8C59E-F660-4193-885F-A166FB3F2438}.Debug|Any CPU.ActiveCfg = Debug|Win32
		{93B8C59E-F660-4193-885F-A166FB3F2438}.Debug|Mixed Platforms.ActiveCfg = Debug|Win32
		{93B8C59E-F660-4193-885F-A166FB3F2438}.Debug|Mixed Platforms.Build.0 = Debug|Win32
		{93B8C59E-F660-4193-885F-A166FB3F2438}.Debug|Win32.ActiveCfg = Debug|Win32
		{93B8C59E-F660-4193-885F-A166FB3F2438}.Debug|Win32.Build.0 = Debug|Win32
		{93B8C59E-F660-4193-885F-A166FB3F2438}.Release|Any CPU.ActiveCfg = Release|Win32
		{93B8C59E-F660-4193-885F-A166FB3F2438}.Release|Mixed Platforms.ActiveCfg = Release|Win32
		{93B8C59E-F660-4193-885F-A166FB3F2438}.Release|Mixed Platforms.Build.0 = Release|Win32
		{93B8C59E-F660-4193-885F-A166FB3F2438}.Release|Win32.ActiveCfg = Release|Win32
		{93B8C59E-F660-4193-885F-A166FB3F2438}.Release|Win32.Build.0 = Release|Win32
		{917AA14C-4E75-4719-9FF8-78A0698E85B4}.Debug|Any CPU.ActiveCfg = Debug|Any CPU
		{917AA14C-4E75-4719-9FF8-78A0698E85B4}.Debug|Any CPU.Build.0 = Debug|Any CPU
		{917AA14C-4E75-4719-9FF8-78A0698E85B4}.Debug|Mixed Platforms.ActiveCfg = Debug|Any CPU
		{917AA14C-4E75-4719-9FF8-78A0698E85B4}.Debug|Mixed Platforms.Build.0 = Debug|Any CPU
		{917AA14C-4E75-4719-9FF8-78A0698E85B4}.Debug|Win32.ActiveCfg = Debug|Any CPU
		{917AA14C-4E75-4719-9FF8-78A0698E85B4}.Release|Any CPU.ActiveCfg = Release|Any CPU
		{917AA14C-4E75-4719-9FF8-78A0698E85B4}.Release|Any CPU.Build.0 = Release|Any CPU
		{917AA14C-4E75-4719-9FF8-78A0698E85B4}.Release|Mixed Platforms.ActiveCfg = Release|Any CPU
		{917AA14C-4E75-4719-9FF8-78A0698E85B4}.Release|Mixed Platforms.Build.0 = Release|Any CPU
		{917AA14C-4E75-4719-9FF8-78A0698E85B4}.Release|Win32.ActiveCfg = Release|Any CPU
	EndGlobalSection
	GlobalSection(SolutionProperties) = preSolution
		HideSolutionNode = FALSE
	EndGlobalSection
	GlobalSection(Performance) = preSolution
		HasPerformanceSessions = true
	EndGlobalSection
EndGlobal
